{
  "version": 4,
  "terraform_version": "1.3.2",
  "serial": 154,
  "lineage": "6527be88-840d-b21f-caa4-3e0cc766ffd3",
  "outputs": {
    "external_ip_address_node01": {
      "value": "158.160.45.121",
      "type": "string"
    },
    "external_ip_address_node02": {
      "value": "158.160.39.242",
      "type": "string"
    },
    "external_ip_address_node03": {
      "value": "158.160.54.91",
      "type": "string"
    },
    "internal_ip_address_node01": {
      "value": "10.129.0.23",
      "type": "string"
    },
    "internal_ip_address_node02": {
      "value": "10.129.0.5",
      "type": "string"
    },
    "internal_ip_address_node03": {
      "value": "10.129.0.17",
      "type": "string"
    }
  },
  "resources": [
    {
      "mode": "managed",
      "type": "local_file",
      "name": "prod",
      "provider": "provider[\"registry.terraform.io/hashicorp/local\"]",
      "instances": [
        {
          "schema_version": 0,
          "attributes": {
            "content": "---\nclickhouse:\n  hosts:\n    clickhouse-01:\n      ansible_host: 158.160.45.121\n      ansible_user: centos\n\nvector:\n  hosts:\n    vector-01:\n      ansible_host: 158.160.39.242\n      ansible_user: centos\n\nlighthouse:\n  hosts:\n    lighthouse-01:\n      ansible_host: 158.160.54.91\n      ansible_user: centos\n",
            "content_base64": null,
            "directory_permission": "0777",
            "file_permission": "0777",
            "filename": "../inventory/prod.yaml",
            "id": "f8a26d919cefa9bea63ab5bd30b8adb56f7ef162",
            "sensitive_content": null,
            "source": null
          },
          "sensitive_attributes": [],
          "private": "bnVsbA==",
          "dependencies": [
            "yandex_compute_instance.node01",
            "yandex_compute_instance.node02",
            "yandex_compute_instance.node03",
            "yandex_vpc_network.default-net",
            "yandex_vpc_subnet.my-net"
          ]
        }
      ]
    },
    {
      "mode": "managed",
      "type": "null_resource",
      "name": "cluster",
      "provider": "provider[\"registry.terraform.io/hashicorp/null\"]",
      "instances": []
    },
    {
      "mode": "managed",
      "type": "null_resource",
      "name": "wait",
      "provider": "provider[\"registry.terraform.io/hashicorp/null\"]",
      "instances": [
        {
          "status": "tainted",
          "schema_version": 0,
          "attributes": {
            "id": "1751156460706452988",
            "triggers": null
          },
          "sensitive_attributes": [],
          "private": "bnVsbA==",
          "dependencies": [
            "local_file.prod",
            "yandex_compute_instance.node01",
            "yandex_compute_instance.node02",
            "yandex_compute_instance.node03",
            "yandex_vpc_network.default-net",
            "yandex_vpc_subnet.my-net"
          ]
        }
      ]
    },
    {
      "mode": "managed",
      "type": "yandex_compute_instance",
      "name": "node01",
      "provider": "provider[\"registry.terraform.io/yandex-cloud/yandex\"]",
      "instances": [
        {
          "schema_version": 1,
          "attributes": {
            "allow_recreate": null,
            "allow_stopping_for_update": true,
            "boot_disk": [
              {
                "auto_delete": true,
                "device_name": "fhm833qgi246o8fbeidl",
                "disk_id": "fhm833qgi246o8fbeidl",
                "initialize_params": [
                  {
                    "block_size": 4096,
                    "description": "",
                    "image_id": "fd89pepiaem3321iu4n6",
                    "name": "root-node01",
                    "size": 10,
                    "snapshot_id": "",
                    "type": "network-ssd"
                  }
                ],
                "mode": "READ_WRITE"
              }
            ],
            "created_at": "2022-12-20T08:01:19Z",
            "description": "",
            "folder_id": "b1gc0if4fp4krujvnc5u",
            "fqdn": "node01.netology.yc",
            "hostname": "node01.netology.yc",
            "id": "fhm6j5taaa0vi2te4p5q",
            "labels": null,
            "local_disk": [],
            "metadata": {
              "ssh-keys": "centos:ssh-rsa AAAAB3NzaC1yc2EAAAADAQABAAABAQC84p5gY3/VbneleCn9qw6a5/Wbr7vmCX9O38Bm9PfK1Oty/bZWaJI3qmZXfHENa19hR1HRLkCDJhFmkNnN5pTBE9I9vD6Xw6O84b/LmFUmg6Bft8hEndsqdmEXGzW/Ht9Sezf4JiCqNrLX5MjGmhsY3PqH+1FEMfYlYoSDqd+OFCDpJEQpJ+03U58nBC2eGeQhSy0BsYbSMwDJmKd8uSsYgTGBDP7ae6oxtvEUiX89NGKy8wUa3c3cwb1BFvmw/LeDBu845f7q0+6JicF1VgyOfwv8X7BAgHlhWVMm+W7TZAfw0Ofx1FEf+PVnxj2gNS3NmA/0nTa7/l2PVnQ5/yQ3\n"
            },
            "name": "node01",
            "network_acceleration_type": "standard",
            "network_interface": [
              {
                "dns_record": [],
                "index": 0,
                "ip_address": "10.129.0.23",
                "ipv4": true,
                "ipv6": false,
                "ipv6_address": "",
                "ipv6_dns_record": [],
                "mac_address": "d0:0d:69:97:aa:52",
                "nat": true,
                "nat_dns_record": [],
                "nat_ip_address": "158.160.45.121",
                "nat_ip_version": "IPV4",
                "security_group_ids": [],
                "subnet_id": "e9botkhis2et64bbakni"
              }
            ],
            "placement_policy": [
              {
                "host_affinity_rules": [],
                "placement_group_id": ""
              }
            ],
            "platform_id": "standard-v1",
            "resources": [
              {
                "core_fraction": 100,
                "cores": 2,
                "gpus": 0,
                "memory": 2
              }
            ],
            "scheduling_policy": [
              {
                "preemptible": true
              }
            ],
            "secondary_disk": [],
            "service_account_id": "",
            "status": "running",
            "timeouts": null,
            "zone": "ru-central1-a"
          },
          "sensitive_attributes": [],
          "private": "eyJlMmJmYjczMC1lY2FhLTExZTYtOGY4OC0zNDM2M2JjN2M0YzAiOnsiY3JlYXRlIjozMDAwMDAwMDAwMDAsImRlbGV0ZSI6MzAwMDAwMDAwMDAwLCJ1cGRhdGUiOjMwMDAwMDAwMDAwMH0sInNjaGVtYV92ZXJzaW9uIjoiMSJ9",
          "dependencies": [
            "yandex_vpc_network.default-net",
            "yandex_vpc_subnet.my-net"
          ]
        }
      ]
    },
    {
      "mode": "managed",
      "type": "yandex_compute_instance",
      "name": "node02",
      "provider": "provider[\"registry.terraform.io/yandex-cloud/yandex\"]",
      "instances": [
        {
          "schema_version": 1,
          "attributes": {
            "allow_recreate": null,
            "allow_stopping_for_update": true,
            "boot_disk": [
              {
                "auto_delete": true,
                "device_name": "fhm5t5qmjl9lmae0p83p",
                "disk_id": "fhm5t5qmjl9lmae0p83p",
                "initialize_params": [
                  {
                    "block_size": 4096,
                    "description": "",
                    "image_id": "fd89pepiaem3321iu4n6",
                    "name": "root-node02",
                    "size": 10,
                    "snapshot_id": "",
                    "type": "network-ssd"
                  }
                ],
                "mode": "READ_WRITE"
              }
            ],
            "created_at": "2022-12-20T08:01:19Z",
            "description": "",
            "folder_id": "b1gc0if4fp4krujvnc5u",
            "fqdn": "node02.netology.yc",
            "hostname": "node02.netology.yc",
            "id": "fhm2tbfim6bh9f0rv97v",
            "labels": null,
            "local_disk": [],
            "metadata": {
              "ssh-keys": "centos:ssh-rsa AAAAB3NzaC1yc2EAAAADAQABAAABAQC84p5gY3/VbneleCn9qw6a5/Wbr7vmCX9O38Bm9PfK1Oty/bZWaJI3qmZXfHENa19hR1HRLkCDJhFmkNnN5pTBE9I9vD6Xw6O84b/LmFUmg6Bft8hEndsqdmEXGzW/Ht9Sezf4JiCqNrLX5MjGmhsY3PqH+1FEMfYlYoSDqd+OFCDpJEQpJ+03U58nBC2eGeQhSy0BsYbSMwDJmKd8uSsYgTGBDP7ae6oxtvEUiX89NGKy8wUa3c3cwb1BFvmw/LeDBu845f7q0+6JicF1VgyOfwv8X7BAgHlhWVMm+W7TZAfw0Ofx1FEf+PVnxj2gNS3NmA/0nTa7/l2PVnQ5/yQ3\n"
            },
            "name": "node02",
            "network_acceleration_type": "standard",
            "network_interface": [
              {
                "dns_record": [],
                "index": 0,
                "ip_address": "10.129.0.5",
                "ipv4": true,
                "ipv6": false,
                "ipv6_address": "",
                "ipv6_dns_record": [],
                "mac_address": "d0:0d:2e:ad:f2:b1",
                "nat": true,
                "nat_dns_record": [],
                "nat_ip_address": "158.160.39.242",
                "nat_ip_version": "IPV4",
                "security_group_ids": [],
                "subnet_id": "e9botkhis2et64bbakni"
              }
            ],
            "placement_policy": [
              {
                "host_affinity_rules": [],
                "placement_group_id": ""
              }
            ],
            "platform_id": "standard-v1",
            "resources": [
              {
                "core_fraction": 100,
                "cores": 2,
                "gpus": 0,
                "memory": 2
              }
            ],
            "scheduling_policy": [
              {
                "preemptible": true
              }
            ],
            "secondary_disk": [],
            "service_account_id": "",
            "status": "running",
            "timeouts": null,
            "zone": "ru-central1-a"
          },
          "sensitive_attributes": [],
          "private": "eyJlMmJmYjczMC1lY2FhLTExZTYtOGY4OC0zNDM2M2JjN2M0YzAiOnsiY3JlYXRlIjozMDAwMDAwMDAwMDAsImRlbGV0ZSI6MzAwMDAwMDAwMDAwLCJ1cGRhdGUiOjMwMDAwMDAwMDAwMH0sInNjaGVtYV92ZXJzaW9uIjoiMSJ9",
          "dependencies": [
            "yandex_vpc_network.default-net",
            "yandex_vpc_subnet.my-net"
          ]
        }
      ]
    },
    {
      "mode": "managed",
      "type": "yandex_compute_instance",
      "name": "node03",
      "provider": "provider[\"registry.terraform.io/yandex-cloud/yandex\"]",
      "instances": [
        {
          "schema_version": 1,
          "attributes": {
            "allow_recreate": null,
            "allow_stopping_for_update": true,
            "boot_disk": [
              {
                "auto_delete": true,
                "device_name": "fhmddapvjllhjkasgt3l",
                "disk_id": "fhmddapvjllhjkasgt3l",
                "initialize_params": [
                  {
                    "block_size": 4096,
                    "description": "",
                    "image_id": "fd89pepiaem3321iu4n6",
                    "name": "root-node03",
                    "size": 10,
                    "snapshot_id": "",
                    "type": "network-ssd"
                  }
                ],
                "mode": "READ_WRITE"
              }
            ],
            "created_at": "2022-12-20T08:01:19Z",
            "description": "",
            "folder_id": "b1gc0if4fp4krujvnc5u",
            "fqdn": "node03.netology.yc",
            "hostname": "node03.netology.yc",
            "id": "fhm4rjg879pjh2q3kf1j",
            "labels": null,
            "local_disk": [],
            "metadata": {
              "ssh-keys": "centos:ssh-rsa AAAAB3NzaC1yc2EAAAADAQABAAABAQC84p5gY3/VbneleCn9qw6a5/Wbr7vmCX9O38Bm9PfK1Oty/bZWaJI3qmZXfHENa19hR1HRLkCDJhFmkNnN5pTBE9I9vD6Xw6O84b/LmFUmg6Bft8hEndsqdmEXGzW/Ht9Sezf4JiCqNrLX5MjGmhsY3PqH+1FEMfYlYoSDqd+OFCDpJEQpJ+03U58nBC2eGeQhSy0BsYbSMwDJmKd8uSsYgTGBDP7ae6oxtvEUiX89NGKy8wUa3c3cwb1BFvmw/LeDBu845f7q0+6JicF1VgyOfwv8X7BAgHlhWVMm+W7TZAfw0Ofx1FEf+PVnxj2gNS3NmA/0nTa7/l2PVnQ5/yQ3\n"
            },
            "name": "node03",
            "network_acceleration_type": "standard",
            "network_interface": [
              {
                "dns_record": [],
                "index": 0,
                "ip_address": "10.129.0.17",
                "ipv4": true,
                "ipv6": false,
                "ipv6_address": "",
                "ipv6_dns_record": [],
                "mac_address": "d0:0d:4d:ce:08:3a",
                "nat": true,
                "nat_dns_record": [],
                "nat_ip_address": "158.160.54.91",
                "nat_ip_version": "IPV4",
                "security_group_ids": [],
                "subnet_id": "e9botkhis2et64bbakni"
              }
            ],
            "placement_policy": [
              {
                "host_affinity_rules": [],
                "placement_group_id": ""
              }
            ],
            "platform_id": "standard-v1",
            "resources": [
              {
                "core_fraction": 100,
                "cores": 2,
                "gpus": 0,
                "memory": 2
              }
            ],
            "scheduling_policy": [
              {
                "preemptible": true
              }
            ],
            "secondary_disk": [],
            "service_account_id": "",
            "status": "running",
            "timeouts": null,
            "zone": "ru-central1-a"
          },
          "sensitive_attributes": [],
          "private": "eyJlMmJmYjczMC1lY2FhLTExZTYtOGY4OC0zNDM2M2JjN2M0YzAiOnsiY3JlYXRlIjozMDAwMDAwMDAwMDAsImRlbGV0ZSI6MzAwMDAwMDAwMDAwLCJ1cGRhdGUiOjMwMDAwMDAwMDAwMH0sInNjaGVtYV92ZXJzaW9uIjoiMSJ9",
          "dependencies": [
            "yandex_vpc_network.default-net",
            "yandex_vpc_subnet.my-net"
          ]
        }
      ]
    },
    {
      "mode": "managed",
      "type": "yandex_vpc_network",
      "name": "default-net",
      "provider": "provider[\"registry.terraform.io/yandex-cloud/yandex\"]",
      "instances": [
        {
          "schema_version": 0,
          "attributes": {
            "created_at": "2022-12-20T08:01:17Z",
            "default_security_group_id": "",
            "description": "",
            "folder_id": "b1gc0if4fp4krujvnc5u",
            "id": "enp8rse4f509ob4i0f3v",
            "labels": {},
            "name": "default-net",
            "subnet_ids": [],
            "timeouts": null
          },
          "sensitive_attributes": [],
          "private": "eyJlMmJmYjczMC1lY2FhLTExZTYtOGY4OC0zNDM2M2JjN2M0YzAiOnsiY3JlYXRlIjo2MDAwMDAwMDAwMCwiZGVsZXRlIjo2MDAwMDAwMDAwMCwidXBkYXRlIjo2MDAwMDAwMDAwMH19"
        }
      ]
    },
    {
      "mode": "managed",
      "type": "yandex_vpc_subnet",
      "name": "my-net",
      "provider": "provider[\"registry.terraform.io/yandex-cloud/yandex\"]",
      "instances": [
        {
          "schema_version": 0,
          "attributes": {
            "created_at": "2022-12-20T08:01:18Z",
            "description": "",
            "dhcp_options": [],
            "folder_id": "b1gc0if4fp4krujvnc5u",
            "id": "e9botkhis2et64bbakni",
            "labels": {},
            "name": "my-net",
            "network_id": "enp8rse4f509ob4i0f3v",
            "route_table_id": "",
            "timeouts": null,
            "v4_cidr_blocks": [
              "10.129.0.0/16"
            ],
            "v6_cidr_blocks": [],
            "zone": "ru-central1-a"
          },
          "sensitive_attributes": [],
          "private": "eyJlMmJmYjczMC1lY2FhLTExZTYtOGY4OC0zNDM2M2JjN2M0YzAiOnsiY3JlYXRlIjoxODAwMDAwMDAwMDAsImRlbGV0ZSI6MTgwMDAwMDAwMDAwLCJ1cGRhdGUiOjE4MDAwMDAwMDAwMH19",
          "dependencies": [
            "yandex_vpc_network.default-net"
          ]
        }
      ]
    }
  ],
  "check_results": []
}
