{
  "version": 4,
  "terraform_version": "1.3.2",
  "serial": 137,
  "lineage": "6527be88-840d-b21f-caa4-3e0cc766ffd3",
  "outputs": {
    "external_ip_address_node01": {
      "value": "51.250.91.38",
      "type": "string"
    },
    "external_ip_address_node02": {
      "value": "51.250.15.218",
      "type": "string"
    },
    "external_ip_address_node03": {
      "value": "62.84.118.190",
      "type": "string"
    },
    "internal_ip_address_node01": {
      "value": "10.129.0.12",
      "type": "string"
    },
    "internal_ip_address_node02": {
      "value": "10.129.0.30",
      "type": "string"
    },
    "internal_ip_address_node03": {
      "value": "10.129.0.17",
      "type": "string"
    }
  },
  "resources": [
    {
      "mode": "managed",
      "type": "local_file",
      "name": "prod",
      "provider": "provider[\"registry.terraform.io/hashicorp/local\"]",
      "instances": [
        {
          "schema_version": 0,
          "attributes": {
            "content": "---\nclickhouse:\n  hosts:\n    clickhouse-01:\n      ansible_host: 51.250.91.38\n      ansible_user: centos\n\nvector:\n  hosts:\n    vector-01:\n      ansible_host: 51.250.15.218\n      ansible_user: centos\n\nlighthouse:\n  hosts:\n    lighthouse-01:\n      ansible_host: 62.84.118.190\n      ansible_user: centos\n",
            "content_base64": null,
            "directory_permission": "0777",
            "file_permission": "0777",
            "filename": "../inventory/prod.yaml",
            "id": "4d261ba5f1868112783dc1fdb75e8714c3fed0ca",
            "sensitive_content": null,
            "source": null
          },
          "sensitive_attributes": [],
          "private": "bnVsbA==",
          "dependencies": [
            "yandex_compute_instance.node01",
            "yandex_compute_instance.node02",
            "yandex_compute_instance.node03",
            "yandex_vpc_network.default-net",
            "yandex_vpc_subnet.my-net"
          ]
        }
      ]
    },
    {
      "mode": "managed",
      "type": "null_resource",
      "name": "cluster",
      "provider": "provider[\"registry.terraform.io/hashicorp/null\"]",
      "instances": [
        {
          "status": "tainted",
          "schema_version": 0,
          "attributes": {
            "id": "6931135591691047923",
            "triggers": null
          },
          "sensitive_attributes": [],
          "private": "bnVsbA==",
          "dependencies": [
            "local_file.prod",
            "null_resource.wait",
            "yandex_compute_instance.node01",
            "yandex_compute_instance.node02",
            "yandex_compute_instance.node03",
            "yandex_vpc_network.default-net",
            "yandex_vpc_subnet.my-net"
          ]
        }
      ]
    },
    {
      "mode": "managed",
      "type": "null_resource",
      "name": "wait",
      "provider": "provider[\"registry.terraform.io/hashicorp/null\"]",
      "instances": [
        {
          "schema_version": 0,
          "attributes": {
            "id": "5411372979721919083",
            "triggers": null
          },
          "sensitive_attributes": [],
          "private": "bnVsbA==",
          "dependencies": [
            "local_file.prod",
            "yandex_compute_instance.node01",
            "yandex_compute_instance.node02",
            "yandex_compute_instance.node03",
            "yandex_vpc_network.default-net",
            "yandex_vpc_subnet.my-net"
          ]
        }
      ]
    },
    {
      "mode": "managed",
      "type": "yandex_compute_instance",
      "name": "node01",
      "provider": "provider[\"registry.terraform.io/yandex-cloud/yandex\"]",
      "instances": [
        {
          "schema_version": 1,
          "attributes": {
            "allow_recreate": null,
            "allow_stopping_for_update": true,
            "boot_disk": [
              {
                "auto_delete": true,
                "device_name": "fhm47v3m8bf5cs443oh4",
                "disk_id": "fhm47v3m8bf5cs443oh4",
                "initialize_params": [
                  {
                    "block_size": 4096,
                    "description": "",
                    "image_id": "fd89pepiaem3321iu4n6",
                    "name": "root-node01",
                    "size": 10,
                    "snapshot_id": "",
                    "type": "network-ssd"
                  }
                ],
                "mode": "READ_WRITE"
              }
            ],
            "created_at": "2022-12-19T15:47:37Z",
            "description": "",
            "folder_id": "b1gc0if4fp4krujvnc5u",
            "fqdn": "node01.netology.yc",
            "hostname": "node01.netology.yc",
            "id": "fhmvi57utmfh416kjoa8",
            "labels": null,
            "local_disk": [],
            "metadata": {
              "ssh-keys": "centos:ssh-rsa AAAAB3NzaC1yc2EAAAADAQABAAABAQC84p5gY3/VbneleCn9qw6a5/Wbr7vmCX9O38Bm9PfK1Oty/bZWaJI3qmZXfHENa19hR1HRLkCDJhFmkNnN5pTBE9I9vD6Xw6O84b/LmFUmg6Bft8hEndsqdmEXGzW/Ht9Sezf4JiCqNrLX5MjGmhsY3PqH+1FEMfYlYoSDqd+OFCDpJEQpJ+03U58nBC2eGeQhSy0BsYbSMwDJmKd8uSsYgTGBDP7ae6oxtvEUiX89NGKy8wUa3c3cwb1BFvmw/LeDBu845f7q0+6JicF1VgyOfwv8X7BAgHlhWVMm+W7TZAfw0Ofx1FEf+PVnxj2gNS3NmA/0nTa7/l2PVnQ5/yQ3\n"
            },
            "name": "node01",
            "network_acceleration_type": "standard",
            "network_interface": [
              {
                "dns_record": [],
                "index": 0,
                "ip_address": "10.129.0.12",
                "ipv4": true,
                "ipv6": false,
                "ipv6_address": "",
                "ipv6_dns_record": [],
                "mac_address": "d0:0d:1f:91:4f:ee",
                "nat": true,
                "nat_dns_record": [],
                "nat_ip_address": "51.250.91.38",
                "nat_ip_version": "IPV4",
                "security_group_ids": [],
                "subnet_id": "e9bnfhrka7t7g331q8eu"
              }
            ],
            "placement_policy": [
              {
                "host_affinity_rules": [],
                "placement_group_id": ""
              }
            ],
            "platform_id": "standard-v1",
            "resources": [
              {
                "core_fraction": 100,
                "cores": 2,
                "gpus": 0,
                "memory": 2
              }
            ],
            "scheduling_policy": [
              {
                "preemptible": true
              }
            ],
            "secondary_disk": [],
            "service_account_id": "",
            "status": "running",
            "timeouts": null,
            "zone": "ru-central1-a"
          },
          "sensitive_attributes": [],
          "private": "eyJlMmJmYjczMC1lY2FhLTExZTYtOGY4OC0zNDM2M2JjN2M0YzAiOnsiY3JlYXRlIjozMDAwMDAwMDAwMDAsImRlbGV0ZSI6MzAwMDAwMDAwMDAwLCJ1cGRhdGUiOjMwMDAwMDAwMDAwMH0sInNjaGVtYV92ZXJzaW9uIjoiMSJ9",
          "dependencies": [
            "yandex_vpc_network.default-net",
            "yandex_vpc_subnet.my-net"
          ]
        }
      ]
    },
    {
      "mode": "managed",
      "type": "yandex_compute_instance",
      "name": "node02",
      "provider": "provider[\"registry.terraform.io/yandex-cloud/yandex\"]",
      "instances": [
        {
          "schema_version": 1,
          "attributes": {
            "allow_recreate": null,
            "allow_stopping_for_update": true,
            "boot_disk": [
              {
                "auto_delete": true,
                "device_name": "fhm9hc2392bia7ducsrc",
                "disk_id": "fhm9hc2392bia7ducsrc",
                "initialize_params": [
                  {
                    "block_size": 4096,
                    "description": "",
                    "image_id": "fd89pepiaem3321iu4n6",
                    "name": "root-node02",
                    "size": 10,
                    "snapshot_id": "",
                    "type": "network-ssd"
                  }
                ],
                "mode": "READ_WRITE"
              }
            ],
            "created_at": "2022-12-19T15:47:37Z",
            "description": "",
            "folder_id": "b1gc0if4fp4krujvnc5u",
            "fqdn": "node02.netology.yc",
            "hostname": "node02.netology.yc",
            "id": "fhm39ck5mponlctrp7jm",
            "labels": null,
            "local_disk": [],
            "metadata": {
              "ssh-keys": "centos:ssh-rsa AAAAB3NzaC1yc2EAAAADAQABAAABAQC84p5gY3/VbneleCn9qw6a5/Wbr7vmCX9O38Bm9PfK1Oty/bZWaJI3qmZXfHENa19hR1HRLkCDJhFmkNnN5pTBE9I9vD6Xw6O84b/LmFUmg6Bft8hEndsqdmEXGzW/Ht9Sezf4JiCqNrLX5MjGmhsY3PqH+1FEMfYlYoSDqd+OFCDpJEQpJ+03U58nBC2eGeQhSy0BsYbSMwDJmKd8uSsYgTGBDP7ae6oxtvEUiX89NGKy8wUa3c3cwb1BFvmw/LeDBu845f7q0+6JicF1VgyOfwv8X7BAgHlhWVMm+W7TZAfw0Ofx1FEf+PVnxj2gNS3NmA/0nTa7/l2PVnQ5/yQ3\n"
            },
            "name": "node02",
            "network_acceleration_type": "standard",
            "network_interface": [
              {
                "dns_record": [],
                "index": 0,
                "ip_address": "10.129.0.30",
                "ipv4": true,
                "ipv6": false,
                "ipv6_address": "",
                "ipv6_dns_record": [],
                "mac_address": "d0:0d:34:b2:85:b6",
                "nat": true,
                "nat_dns_record": [],
                "nat_ip_address": "51.250.15.218",
                "nat_ip_version": "IPV4",
                "security_group_ids": [],
                "subnet_id": "e9bnfhrka7t7g331q8eu"
              }
            ],
            "placement_policy": [
              {
                "host_affinity_rules": [],
                "placement_group_id": ""
              }
            ],
            "platform_id": "standard-v1",
            "resources": [
              {
                "core_fraction": 100,
                "cores": 2,
                "gpus": 0,
                "memory": 2
              }
            ],
            "scheduling_policy": [
              {
                "preemptible": true
              }
            ],
            "secondary_disk": [],
            "service_account_id": "",
            "status": "running",
            "timeouts": null,
            "zone": "ru-central1-a"
          },
          "sensitive_attributes": [],
          "private": "eyJlMmJmYjczMC1lY2FhLTExZTYtOGY4OC0zNDM2M2JjN2M0YzAiOnsiY3JlYXRlIjozMDAwMDAwMDAwMDAsImRlbGV0ZSI6MzAwMDAwMDAwMDAwLCJ1cGRhdGUiOjMwMDAwMDAwMDAwMH0sInNjaGVtYV92ZXJzaW9uIjoiMSJ9",
          "dependencies": [
            "yandex_vpc_network.default-net",
            "yandex_vpc_subnet.my-net"
          ]
        }
      ]
    },
    {
      "mode": "managed",
      "type": "yandex_compute_instance",
      "name": "node03",
      "provider": "provider[\"registry.terraform.io/yandex-cloud/yandex\"]",
      "instances": [
        {
          "schema_version": 1,
          "attributes": {
            "allow_recreate": null,
            "allow_stopping_for_update": true,
            "boot_disk": [
              {
                "auto_delete": true,
                "device_name": "fhmetlq81qqtvsfoq91o",
                "disk_id": "fhmetlq81qqtvsfoq91o",
                "initialize_params": [
                  {
                    "block_size": 4096,
                    "description": "",
                    "image_id": "fd89pepiaem3321iu4n6",
                    "name": "root-node03",
                    "size": 10,
                    "snapshot_id": "",
                    "type": "network-ssd"
                  }
                ],
                "mode": "READ_WRITE"
              }
            ],
            "created_at": "2022-12-19T15:47:37Z",
            "description": "",
            "folder_id": "b1gc0if4fp4krujvnc5u",
            "fqdn": "node03.netology.yc",
            "hostname": "node03.netology.yc",
            "id": "fhmt6rrm77tjrggolgpg",
            "labels": null,
            "local_disk": [],
            "metadata": {
              "ssh-keys": "centos:ssh-rsa AAAAB3NzaC1yc2EAAAADAQABAAABAQC84p5gY3/VbneleCn9qw6a5/Wbr7vmCX9O38Bm9PfK1Oty/bZWaJI3qmZXfHENa19hR1HRLkCDJhFmkNnN5pTBE9I9vD6Xw6O84b/LmFUmg6Bft8hEndsqdmEXGzW/Ht9Sezf4JiCqNrLX5MjGmhsY3PqH+1FEMfYlYoSDqd+OFCDpJEQpJ+03U58nBC2eGeQhSy0BsYbSMwDJmKd8uSsYgTGBDP7ae6oxtvEUiX89NGKy8wUa3c3cwb1BFvmw/LeDBu845f7q0+6JicF1VgyOfwv8X7BAgHlhWVMm+W7TZAfw0Ofx1FEf+PVnxj2gNS3NmA/0nTa7/l2PVnQ5/yQ3\n"
            },
            "name": "node03",
            "network_acceleration_type": "standard",
            "network_interface": [
              {
                "dns_record": [],
                "index": 0,
                "ip_address": "10.129.0.17",
                "ipv4": true,
                "ipv6": false,
                "ipv6_address": "",
                "ipv6_dns_record": [],
                "mac_address": "d0:0d:1d:36:f7:63",
                "nat": true,
                "nat_dns_record": [],
                "nat_ip_address": "62.84.118.190",
                "nat_ip_version": "IPV4",
                "security_group_ids": [],
                "subnet_id": "e9bnfhrka7t7g331q8eu"
              }
            ],
            "placement_policy": [
              {
                "host_affinity_rules": [],
                "placement_group_id": ""
              }
            ],
            "platform_id": "standard-v1",
            "resources": [
              {
                "core_fraction": 100,
                "cores": 2,
                "gpus": 0,
                "memory": 2
              }
            ],
            "scheduling_policy": [
              {
                "preemptible": true
              }
            ],
            "secondary_disk": [],
            "service_account_id": "",
            "status": "running",
            "timeouts": null,
            "zone": "ru-central1-a"
          },
          "sensitive_attributes": [],
          "private": "eyJlMmJmYjczMC1lY2FhLTExZTYtOGY4OC0zNDM2M2JjN2M0YzAiOnsiY3JlYXRlIjozMDAwMDAwMDAwMDAsImRlbGV0ZSI6MzAwMDAwMDAwMDAwLCJ1cGRhdGUiOjMwMDAwMDAwMDAwMH0sInNjaGVtYV92ZXJzaW9uIjoiMSJ9",
          "dependencies": [
            "yandex_vpc_network.default-net",
            "yandex_vpc_subnet.my-net"
          ]
        }
      ]
    },
    {
      "mode": "managed",
      "type": "yandex_vpc_network",
      "name": "default-net",
      "provider": "provider[\"registry.terraform.io/yandex-cloud/yandex\"]",
      "instances": [
        {
          "schema_version": 0,
          "attributes": {
            "created_at": "2022-12-19T15:47:33Z",
            "default_security_group_id": "",
            "description": "",
            "folder_id": "b1gc0if4fp4krujvnc5u",
            "id": "enp85spse0fmnj3b5357",
            "labels": {},
            "name": "default-net",
            "subnet_ids": [],
            "timeouts": null
          },
          "sensitive_attributes": [],
          "private": "eyJlMmJmYjczMC1lY2FhLTExZTYtOGY4OC0zNDM2M2JjN2M0YzAiOnsiY3JlYXRlIjo2MDAwMDAwMDAwMCwiZGVsZXRlIjo2MDAwMDAwMDAwMCwidXBkYXRlIjo2MDAwMDAwMDAwMH19"
        }
      ]
    },
    {
      "mode": "managed",
      "type": "yandex_vpc_subnet",
      "name": "my-net",
      "provider": "provider[\"registry.terraform.io/yandex-cloud/yandex\"]",
      "instances": [
        {
          "schema_version": 0,
          "attributes": {
            "created_at": "2022-12-19T15:47:35Z",
            "description": "",
            "dhcp_options": [],
            "folder_id": "b1gc0if4fp4krujvnc5u",
            "id": "e9bnfhrka7t7g331q8eu",
            "labels": {},
            "name": "my-net",
            "network_id": "enp85spse0fmnj3b5357",
            "route_table_id": "",
            "timeouts": null,
            "v4_cidr_blocks": [
              "10.129.0.0/16"
            ],
            "v6_cidr_blocks": [],
            "zone": "ru-central1-a"
          },
          "sensitive_attributes": [],
          "private": "eyJlMmJmYjczMC1lY2FhLTExZTYtOGY4OC0zNDM2M2JjN2M0YzAiOnsiY3JlYXRlIjoxODAwMDAwMDAwMDAsImRlbGV0ZSI6MTgwMDAwMDAwMDAwLCJ1cGRhdGUiOjE4MDAwMDAwMDAwMH19",
          "dependencies": [
            "yandex_vpc_network.default-net"
          ]
        }
      ]
    }
  ],
  "check_results": []
}
